
Microsoft Visual Studio Solution File, Format Version 12.00
# Visual Studio 2012
Project("{FAE04EC0-301F-11D3-BF4B-00C04F79EFBC}") = "Entidades", "Entidades\Entidades.csproj", "{1E6B7594-3190-4F08-B4A8-262AF38487A6}"
EndProject
Project("{FAE04EC0-301F-11D3-BF4B-00C04F79EFBC}") = "FRM_Calculadora", "FRM_Calculadora\FRM_Calculadora.csproj", "{F45327C6-981F-4C3C-ACEF-B433D2073BBF}"
EndProject
Global
	GlobalSection(SolutionConfigurationPlatforms) = preSolution
		Debug|Any CPU = Debug|Any CPU
		Release|Any CPU = Release|Any CPU
	EndGlobalSection
	GlobalSection(ProjectConfigurationPlatforms) = postSolution
		{1E6B7594-3190-4F08-B4A8-262AF38487A6}.Debug|Any CPU.ActiveCfg = Debug|Any CPU
		{1E6B7594-3190-4F08-B4A8-262AF38487A6}.Debug|Any CPU.Build.0 = Debug|Any CPU
		{1E6B7594-3190-4F08-B4A8-262AF38487A6}.Release|Any CPU.ActiveCfg = Release|Any CPU
		{1E6B7594-3190-4F08-B4A8-262AF38487A6}.Release|Any CPU.Build.0 = Release|Any CPU
		{F45327C6-981F-4C3C-ACEF-B433D2073BBF}.Debug|Any CPU.ActiveCfg = Debug|Any CPU
		{F45327C6-981F-4C3C-ACEF-B433D2073BBF}.Debug|Any CPU.Build.0 = Debug|Any CPU
		{F45327C6-981F-4C3C-ACEF-B433D2073BBF}.Release|Any CPU.ActiveCfg = Release|Any CPU
		{F45327C6-981F-4C3C-ACEF-B433D2073BBF}.Release|Any CPU.Build.0 = Release|Any CPU
	EndGlobalSection
	GlobalSection(SolutionProperties) = preSolution
		HideSolutionNode = FALSE
	EndGlobalSection
EndGlobal
