
Microsoft Visual Studio Solution File, Format Version 12.00
# Visual Studio 2012
Project("{FAE04EC0-301F-11D3-BF4B-00C04F79EFBC}") = "Entidades", "Entidades\Entidades.csproj", "{80C19456-043C-4BD6-8C9A-8AF3E7E41F37}"
EndProject
Project("{FAE04EC0-301F-11D3-BF4B-00C04F79EFBC}") = "Consola", "Consola\Consola.csproj", "{FC2A72C9-2604-46B8-AA2F-D8D715812C9C}"
EndProject
Project("{FAE04EC0-301F-11D3-BF4B-00C04F79EFBC}") = "UnitTestProject1", "..\..\..\ClasesGenericas_2017_con_test_unitarios\UnitTestProject1\UnitTestProject1.csproj", "{E82031B2-E64A-49C2-ABAF-F565D0D53477}"
EndProject
Global
	GlobalSection(SolutionConfigurationPlatforms) = preSolution
		Debug|Any CPU = Debug|Any CPU
		Release|Any CPU = Release|Any CPU
	EndGlobalSection
	GlobalSection(ProjectConfigurationPlatforms) = postSolution
		{80C19456-043C-4BD6-8C9A-8AF3E7E41F37}.Debug|Any CPU.ActiveCfg = Debug|Any CPU
		{80C19456-043C-4BD6-8C9A-8AF3E7E41F37}.Debug|Any CPU.Build.0 = Debug|Any CPU
		{80C19456-043C-4BD6-8C9A-8AF3E7E41F37}.Release|Any CPU.ActiveCfg = Release|Any CPU
		{80C19456-043C-4BD6-8C9A-8AF3E7E41F37}.Release|Any CPU.Build.0 = Release|Any CPU
		{FC2A72C9-2604-46B8-AA2F-D8D715812C9C}.Debug|Any CPU.ActiveCfg = Debug|Any CPU
		{FC2A72C9-2604-46B8-AA2F-D8D715812C9C}.Debug|Any CPU.Build.0 = Debug|Any CPU
		{FC2A72C9-2604-46B8-AA2F-D8D715812C9C}.Release|Any CPU.ActiveCfg = Release|Any CPU
		{FC2A72C9-2604-46B8-AA2F-D8D715812C9C}.Release|Any CPU.Build.0 = Release|Any CPU
		{E82031B2-E64A-49C2-ABAF-F565D0D53477}.Debug|Any CPU.ActiveCfg = Debug|Any CPU
		{E82031B2-E64A-49C2-ABAF-F565D0D53477}.Debug|Any CPU.Build.0 = Debug|Any CPU
		{E82031B2-E64A-49C2-ABAF-F565D0D53477}.Release|Any CPU.ActiveCfg = Release|Any CPU
		{E82031B2-E64A-49C2-ABAF-F565D0D53477}.Release|Any CPU.Build.0 = Release|Any CPU
	EndGlobalSection
	GlobalSection(SolutionProperties) = preSolution
		HideSolutionNode = FALSE
	EndGlobalSection
EndGlobal
