
Microsoft Visual Studio Solution File, Format Version 12.00
# Visual Studio 2012
Project("{FAE04EC0-301F-11D3-BF4B-00C04F79EFBC}") = "Entidades", "Entidades\Entidades.csproj", "{558C6E43-CC4A-4CE6-AC4A-D9B46A13C8C6}"
EndProject
Project("{FAE04EC0-301F-11D3-BF4B-00C04F79EFBC}") = "Consola", "Consola\Consola.csproj", "{50A10418-60DF-4A5D-A66F-ED4B723B1FB1}"
EndProject
Project("{FAE04EC0-301F-11D3-BF4B-00C04F79EFBC}") = "Frm_Aplicacion", "Frm_Aplicacion\Frm_Aplicacion.csproj", "{00947258-4C2C-412F-A042-BE3CE56AA199}"
EndProject
Global
	GlobalSection(SolutionConfigurationPlatforms) = preSolution
		Debug|Any CPU = Debug|Any CPU
		Release|Any CPU = Release|Any CPU
	EndGlobalSection
	GlobalSection(ProjectConfigurationPlatforms) = postSolution
		{558C6E43-CC4A-4CE6-AC4A-D9B46A13C8C6}.Debug|Any CPU.ActiveCfg = Debug|Any CPU
		{558C6E43-CC4A-4CE6-AC4A-D9B46A13C8C6}.Debug|Any CPU.Build.0 = Debug|Any CPU
		{558C6E43-CC4A-4CE6-AC4A-D9B46A13C8C6}.Release|Any CPU.ActiveCfg = Release|Any CPU
		{558C6E43-CC4A-4CE6-AC4A-D9B46A13C8C6}.Release|Any CPU.Build.0 = Release|Any CPU
		{50A10418-60DF-4A5D-A66F-ED4B723B1FB1}.Debug|Any CPU.ActiveCfg = Debug|Any CPU
		{50A10418-60DF-4A5D-A66F-ED4B723B1FB1}.Debug|Any CPU.Build.0 = Debug|Any CPU
		{50A10418-60DF-4A5D-A66F-ED4B723B1FB1}.Release|Any CPU.ActiveCfg = Release|Any CPU
		{50A10418-60DF-4A5D-A66F-ED4B723B1FB1}.Release|Any CPU.Build.0 = Release|Any CPU
		{00947258-4C2C-412F-A042-BE3CE56AA199}.Debug|Any CPU.ActiveCfg = Debug|Any CPU
		{00947258-4C2C-412F-A042-BE3CE56AA199}.Debug|Any CPU.Build.0 = Debug|Any CPU
		{00947258-4C2C-412F-A042-BE3CE56AA199}.Release|Any CPU.ActiveCfg = Release|Any CPU
		{00947258-4C2C-412F-A042-BE3CE56AA199}.Release|Any CPU.Build.0 = Release|Any CPU
	EndGlobalSection
	GlobalSection(SolutionProperties) = preSolution
		HideSolutionNode = FALSE
	EndGlobalSection
EndGlobal
